
Microsoft Visual Studio Solution File, Format Version 12.00
# Visual Studio Version 16
VisualStudioVersion = 16.0.30804.86
MinimumVisualStudioVersion = 10.0.40219.1
Project("{FAE04EC0-301F-11D3-BF4B-00C04F79EFBC}") = "PruebaCoink", "PruebaCoink.csproj", "{2D718B5A-0DF9-49AF-969B-96C019CFE927}"
EndProject
Project("{FAE04EC0-301F-11D3-BF4B-00C04F79EFBC}") = "ApiCoinkData", "..\ApiCoinkData\ApiCoinkData.csproj", "{B1DC05C0-7CA7-4D0F-B712-0DA30BDE08A4}"
EndProject
Project("{FAE04EC0-301F-11D3-BF4B-00C04F79EFBC}") = "ApiCoinkModel", "..\ApiCoinkModel\ApiCoinkModel.csproj", "{6E58F21F-49F4-4FE9-97B5-1887C9DB9DB1}"
EndProject
Global
	GlobalSection(SolutionConfigurationPlatforms) = preSolution
		Debug|Any CPU = Debug|Any CPU
		Release|Any CPU = Release|Any CPU
	EndGlobalSection
	GlobalSection(ProjectConfigurationPlatforms) = postSolution
		{2D718B5A-0DF9-49AF-969B-96C019CFE927}.Debug|Any CPU.ActiveCfg = Debug|Any CPU
		{2D718B5A-0DF9-49AF-969B-96C019CFE927}.Debug|Any CPU.Build.0 = Debug|Any CPU
		{2D718B5A-0DF9-49AF-969B-96C019CFE927}.Release|Any CPU.ActiveCfg = Release|Any CPU
		{2D718B5A-0DF9-49AF-969B-96C019CFE927}.Release|Any CPU.Build.0 = Release|Any CPU
		{B1DC05C0-7CA7-4D0F-B712-0DA30BDE08A4}.Debug|Any CPU.ActiveCfg = Debug|Any CPU
		{B1DC05C0-7CA7-4D0F-B712-0DA30BDE08A4}.Debug|Any CPU.Build.0 = Debug|Any CPU
		{B1DC05C0-7CA7-4D0F-B712-0DA30BDE08A4}.Release|Any CPU.ActiveCfg = Release|Any CPU
		{B1DC05C0-7CA7-4D0F-B712-0DA30BDE08A4}.Release|Any CPU.Build.0 = Release|Any CPU
		{6E58F21F-49F4-4FE9-97B5-1887C9DB9DB1}.Debug|Any CPU.ActiveCfg = Debug|Any CPU
		{6E58F21F-49F4-4FE9-97B5-1887C9DB9DB1}.Debug|Any CPU.Build.0 = Debug|Any CPU
		{6E58F21F-49F4-4FE9-97B5-1887C9DB9DB1}.Release|Any CPU.ActiveCfg = Release|Any CPU
		{6E58F21F-49F4-4FE9-97B5-1887C9DB9DB1}.Release|Any CPU.Build.0 = Release|Any CPU
	EndGlobalSection
	GlobalSection(SolutionProperties) = preSolution
		HideSolutionNode = FALSE
	EndGlobalSection
	GlobalSection(ExtensibilityGlobals) = postSolution
		SolutionGuid = {44DF7384-0B7C-4FFD-A508-CB3862726F36}
	EndGlobalSection
EndGlobal
